
Microsoft Visual Studio Solution File, Format Version 12.00
# Visual Studio 15
VisualStudioVersion = 15.0.28307.489
MinimumVisualStudioVersion = 10.0.40219.1
Project("{FAE04EC0-301F-11D3-BF4B-00C04F79EFBC}") = "StudentExercisesMVC", "StudentExercisesMVC\StudentExercisesMVC.csproj", "{36E7B11D-EBC7-4F14-8F63-58FD40CD28B9}"
EndProject
Global
	GlobalSection(SolutionConfigurationPlatforms) = preSolution
		Debug|Any CPU = Debug|Any CPU
		Release|Any CPU = Release|Any CPU
	EndGlobalSection
	GlobalSection(ProjectConfigurationPlatforms) = postSolution
		{36E7B11D-EBC7-4F14-8F63-58FD40CD28B9}.Debug|Any CPU.ActiveCfg = Debug|Any CPU
		{36E7B11D-EBC7-4F14-8F63-58FD40CD28B9}.Debug|Any CPU.Build.0 = Debug|Any CPU
		{36E7B11D-EBC7-4F14-8F63-58FD40CD28B9}.Release|Any CPU.ActiveCfg = Release|Any CPU
		{36E7B11D-EBC7-4F14-8F63-58FD40CD28B9}.Release|Any CPU.Build.0 = Release|Any CPU
	EndGlobalSection
	GlobalSection(SolutionProperties) = preSolution
		HideSolutionNode = FALSE
	EndGlobalSection
	GlobalSection(ExtensibilityGlobals) = postSolution
		SolutionGuid = {F4FE948D-3912-4412-83E2-E8F220EB16F7}
	EndGlobalSection
EndGlobal
